
Microsoft Visual Studio Solution File, Format Version 12.00
# Visual Studio Version 17
VisualStudioVersion = 17.9.34607.119
MinimumVisualStudioVersion = 10.0.40219.1
Project("{FAE04EC0-301F-11D3-BF4B-00C04F79EFBC}") = "SquareCalc", "SquareCalc.csproj", "{B3DA601B-C203-4BEB-AB64-652264468FC1}"
EndProject
Project("{FAE04EC0-301F-11D3-BF4B-00C04F79EFBC}") = "UnitTests", "UnitTests\UnitTests.csproj", "{1603BFB8-3F8C-4F9C-9A27-58EDB4E67877}"
EndProject
Project("{FAE04EC0-301F-11D3-BF4B-00C04F79EFBC}") = "ConsoleSandbox", "ConsoleSandbox\ConsoleSandbox.csproj", "{93198CD2-B608-46F6-9986-E8F500BFCAA2}"
EndProject
Global
	GlobalSection(SolutionConfigurationPlatforms) = preSolution
		Debug|Any CPU = Debug|Any CPU
		Release|Any CPU = Release|Any CPU
	EndGlobalSection
	GlobalSection(ProjectConfigurationPlatforms) = postSolution
		{B3DA601B-C203-4BEB-AB64-652264468FC1}.Debug|Any CPU.ActiveCfg = Debug|Any CPU
		{B3DA601B-C203-4BEB-AB64-652264468FC1}.Debug|Any CPU.Build.0 = Debug|Any CPU
		{B3DA601B-C203-4BEB-AB64-652264468FC1}.Release|Any CPU.ActiveCfg = Release|Any CPU
		{B3DA601B-C203-4BEB-AB64-652264468FC1}.Release|Any CPU.Build.0 = Release|Any CPU
		{1603BFB8-3F8C-4F9C-9A27-58EDB4E67877}.Debug|Any CPU.ActiveCfg = Debug|Any CPU
		{1603BFB8-3F8C-4F9C-9A27-58EDB4E67877}.Debug|Any CPU.Build.0 = Debug|Any CPU
		{1603BFB8-3F8C-4F9C-9A27-58EDB4E67877}.Release|Any CPU.ActiveCfg = Release|Any CPU
		{1603BFB8-3F8C-4F9C-9A27-58EDB4E67877}.Release|Any CPU.Build.0 = Release|Any CPU
		{93198CD2-B608-46F6-9986-E8F500BFCAA2}.Debug|Any CPU.ActiveCfg = Debug|Any CPU
		{93198CD2-B608-46F6-9986-E8F500BFCAA2}.Debug|Any CPU.Build.0 = Debug|Any CPU
		{93198CD2-B608-46F6-9986-E8F500BFCAA2}.Release|Any CPU.ActiveCfg = Release|Any CPU
		{93198CD2-B608-46F6-9986-E8F500BFCAA2}.Release|Any CPU.Build.0 = Release|Any CPU
	EndGlobalSection
	GlobalSection(SolutionProperties) = preSolution
		HideSolutionNode = FALSE
	EndGlobalSection
	GlobalSection(ExtensibilityGlobals) = postSolution
		SolutionGuid = {538D940F-768C-4A71-8E65-3BA59900671E}
	EndGlobalSection
EndGlobal
